
Microsoft Visual Studio Solution File, Format Version 12.00
# Visual Studio Version 16
VisualStudioVersion = 16.0.29509.3
MinimumVisualStudioVersion = 10.0.40219.1
Project("{FAE04EC0-301F-11D3-BF4B-00C04F79EFBC}") = "mdtitle trans", "mdtitle trans\mdtitle trans.csproj", "{035E28E4-8490-42FE-8314-3BC1498CBEA0}"
EndProject
Global
	GlobalSection(SolutionConfigurationPlatforms) = preSolution
		Debug|Any CPU = Debug|Any CPU
		Release|Any CPU = Release|Any CPU
	EndGlobalSection
	GlobalSection(ProjectConfigurationPlatforms) = postSolution
		{035E28E4-8490-42FE-8314-3BC1498CBEA0}.Debug|Any CPU.ActiveCfg = Debug|Any CPU
		{035E28E4-8490-42FE-8314-3BC1498CBEA0}.Debug|Any CPU.Build.0 = Debug|Any CPU
		{035E28E4-8490-42FE-8314-3BC1498CBEA0}.Release|Any CPU.ActiveCfg = Release|Any CPU
		{035E28E4-8490-42FE-8314-3BC1498CBEA0}.Release|Any CPU.Build.0 = Release|Any CPU
	EndGlobalSection
	GlobalSection(SolutionProperties) = preSolution
		HideSolutionNode = FALSE
	EndGlobalSection
	GlobalSection(ExtensibilityGlobals) = postSolution
		SolutionGuid = {CF116B83-FA45-4416-BC0A-F89F257CE7FF}
	EndGlobalSection
EndGlobal
